// !$*UTF8*$!
{
	archiveVersion = 1;
	classes = {
	};
	objectVersion = 46;
	objects = {

/* Begin PBXBuildFile section */
		916C73F41F33AF6700817F66 /* AppDelegate.swift in Sources */ = {isa = PBXBuildFile; fileRef = 916C73F31F33AF6700817F66 /* AppDelegate.swift */; };
		916C73F61F33AF6700817F66 /* ViewController.swift in Sources */ = {isa = PBXBuildFile; fileRef = 916C73F51F33AF6700817F66 /* ViewController.swift */; };
		916C73F91F33AF6700817F66 /* Main.storyboard in Resources */ = {isa = PBXBuildFile; fileRef = 916C73F71F33AF6700817F66 /* Main.storyboard */; };
		916C73FB1F33AF6700817F66 /* Assets.xcassets in Resources */ = {isa = PBXBuildFile; fileRef = 916C73FA1F33AF6700817F66 /* Assets.xcassets */; };
		916C73FE1F33AF6700817F66 /* LaunchScreen.storyboard in Resources */ = {isa = PBXBuildFile; fileRef = 916C73FC1F33AF6700817F66 /* LaunchScreen.storyboard */; };
		916C74091F33AF6700817F66 /* PlayingwithTestingTests.swift in Sources */ = {isa = PBXBuildFile; fileRef = 916C74081F33AF6700817F66 /* PlayingwithTestingTests.swift */; };
		916C74141F33AFEE00817F66 /* Math.swift in Sources */ = {isa = PBXBuildFile; fileRef = 916C74131F33AFEE00817F66 /* Math.swift */; };
		916C74161F33B00E00817F66 /* Action.swift in Sources */ = {isa = PBXBuildFile; fileRef = 916C74151F33B00E00817F66 /* Action.swift */; };
		916C74181F33B03200817F66 /* MathTests.swift in Sources */ = {isa = PBXBuildFile; fileRef = 916C74171F33B03200817F66 /* MathTests.swift */; };
		916C741A1F33B04900817F66 /* ActionTests.swift in Sources */ = {isa = PBXBuildFile; fileRef = 916C74191F33B04900817F66 /* ActionTests.swift */; };
/* End PBXBuildFile section */

/* Begin PBXContainerItemProxy section */
		916C74051F33AF6700817F66 /* PBXContainerItemProxy */ = {
			isa = PBXContainerItemProxy;
			containerPortal = 916C73E81F33AF6700817F66 /* Project object */;
			proxyType = 1;
			remoteGlobalIDString = 916C73EF1F33AF6700817F66;
			remoteInfo = PlayingwithTesting;
		};
/* End PBXContainerItemProxy section */

/* Begin PBXFileReference section */
		916C73F01F33AF6700817F66 /* PlayingwithTesting.app */ = {isa = PBXFileReference; explicitFileType = wrapper.application; includeInIndex = 0; path = PlayingwithTesting.app; sourceTree = BUILT_PRODUCTS_DIR; };
		916C73F31F33AF6700817F66 /* AppDelegate.swift */ = {isa = PBXFileReference; lastKnownFileType = sourcecode.swift; path = AppDelegate.swift; sourceTree = "<group>"; };
		916C73F51F33AF6700817F66 /* ViewController.swift */ = {isa = PBXFileReference; lastKnownFileType = sourcecode.swift; path = ViewController.swift; sourceTree = "<group>"; };
		916C73F81F33AF6700817F66 /* Base */ = {isa = PBXFileReference; lastKnownFileType = file.storyboard; name = Base; path = Base.lproj/Main.storyboard; sourceTree = "<group>"; };
		916C73FA1F33AF6700817F66 /* Assets.xcassets */ = {isa = PBXFileReference; lastKnownFileType = folder.assetcatalog; path = Assets.xcassets; sourceTree = "<group>"; };
		916C73FD1F33AF6700817F66 /* Base */ = {isa = PBXFileReference; lastKnownFileType = file.storyboard; name = Base; path = Base.lproj/LaunchScreen.storyboard; sourceTree = "<group>"; };
		916C73FF1F33AF6700817F66 /* Info.plist */ = {isa = PBXFileReference; lastKnownFileType = text.plist.xml; path = Info.plist; sourceTree = "<group>"; };
		916C74041F33AF6700817F66 /* PlayingwithTestingTests.xctest */ = {isa = PBXFileReference; explicitFileType = wrapper.cfbundle; includeInIndex = 0; path = PlayingwithTestingTests.xctest; sourceTree = BUILT_PRODUCTS_DIR; };
		916C74081F33AF6700817F66 /* PlayingwithTestingTests.swift */ = {isa = PBXFileReference; lastKnownFileType = sourcecode.swift; path = PlayingwithTestingTests.swift; sourceTree = "<group>"; };
		916C740A1F33AF6700817F66 /* Info.plist */ = {isa = PBXFileReference; lastKnownFileType = text.plist.xml; path = Info.plist; sourceTree = "<group>"; };
		916C74131F33AFEE00817F66 /* Math.swift */ = {isa = PBXFileReference; fileEncoding = 4; lastKnownFileType = sourcecode.swift; path = Math.swift; sourceTree = "<group>"; };
		916C74151F33B00E00817F66 /* Action.swift */ = {isa = PBXFileReference; fileEncoding = 4; lastKnownFileType = sourcecode.swift; path = Action.swift; sourceTree = "<group>"; };
		916C74171F33B03200817F66 /* MathTests.swift */ = {isa = PBXFileReference; fileEncoding = 4; lastKnownFileType = sourcecode.swift; path = MathTests.swift; sourceTree = "<group>"; };
		916C74191F33B04900817F66 /* ActionTests.swift */ = {isa = PBXFileReference; fileEncoding = 4; lastKnownFileType = sourcecode.swift; path = ActionTests.swift; sourceTree = "<group>"; };
/* End PBXFileReference section */

/* Begin PBXFrameworksBuildPhase section */
		916C73ED1F33AF6700817F66 /* Frameworks */ = {
			isa = PBXFrameworksBuildPhase;
			buildActionMask = 2147483647;
			files = (
			);
			runOnlyForDeploymentPostprocessing = 0;
		};
		916C74011F33AF6700817F66 /* Frameworks */ = {
			isa = PBXFrameworksBuildPhase;
			buildActionMask = 2147483647;
			files = (
			);
			runOnlyForDeploymentPostprocessing = 0;
		};
/* End PBXFrameworksBuildPhase section */

/* Begin PBXGroup section */
		916C73E71F33AF6700817F66 = {
			isa = PBXGroup;
			children = (
				916C73F21F33AF6700817F66 /* PlayingwithTesting */,
				916C74071F33AF6700817F66 /* PlayingwithTestingTests */,
				916C73F11F33AF6700817F66 /* Products */,
			);
			sourceTree = "<group>";
		};
		916C73F11F33AF6700817F66 /* Products */ = {
			isa = PBXGroup;
			children = (
				916C73F01F33AF6700817F66 /* PlayingwithTesting.app */,
				916C74041F33AF6700817F66 /* PlayingwithTestingTests.xctest */,
			);
			name = Products;
			sourceTree = "<group>";
		};
		916C73F21F33AF6700817F66 /* PlayingwithTesting */ = {
			isa = PBXGroup;
			children = (
				916C73F31F33AF6700817F66 /* AppDelegate.swift */,
				916C73F51F33AF6700817F66 /* ViewController.swift */,
				916C74131F33AFEE00817F66 /* Math.swift */,
				916C74151F33B00E00817F66 /* Action.swift */,
				916C73F71F33AF6700817F66 /* Main.storyboard */,
				916C73FA1F33AF6700817F66 /* Assets.xcassets */,
				916C73FC1F33AF6700817F66 /* LaunchScreen.storyboard */,
				916C73FF1F33AF6700817F66 /* Info.plist */,
			);
			path = PlayingwithTesting;
			sourceTree = "<group>";
		};
		916C74071F33AF6700817F66 /* PlayingwithTestingTests */ = {
			isa = PBXGroup;
			children = (
				916C74081F33AF6700817F66 /* PlayingwithTestingTests.swift */,
				916C74171F33B03200817F66 /* MathTests.swift */,
				916C74191F33B04900817F66 /* ActionTests.swift */,
				916C740A1F33AF6700817F66 /* Info.plist */,
			);
			path = PlayingwithTestingTests;
			sourceTree = "<group>";
		};
/* End PBXGroup section */

/* Begin PBXNativeTarget section */
		916C73EF1F33AF6700817F66 /* PlayingwithTesting */ = {
			isa = PBXNativeTarget;
			buildConfigurationList = 916C740D1F33AF6700817F66 /* Build configuration list for PBXNativeTarget "PlayingwithTesting" */;
			buildPhases = (
				916C73EC1F33AF6700817F66 /* Sources */,
				916C73ED1F33AF6700817F66 /* Frameworks */,
				916C73EE1F33AF6700817F66 /* Resources */,
			);
			buildRules = (
			);
			dependencies = (
			);
			name = PlayingwithTesting;
			productName = PlayingwithTesting;
			productReference = 916C73F01F33AF6700817F66 /* PlayingwithTesting.app */;
			productType = "com.apple.product-type.application";
		};
		916C74031F33AF6700817F66 /* PlayingwithTestingTests */ = {
			isa = PBXNativeTarget;
			buildConfigurationList = 916C74101F33AF6700817F66 /* Build configuration list for PBXNativeTarget "PlayingwithTestingTests" */;
			buildPhases = (
				916C74001F33AF6700817F66 /* Sources */,
				916C74011F33AF6700817F66 /* Frameworks */,
				916C74021F33AF6700817F66 /* Resources */,
			);
			buildRules = (
			);
			dependencies = (
				916C74061F33AF6700817F66 /* PBXTargetDependency */,
			);
			name = PlayingwithTestingTests;
			productName = PlayingwithTestingTests;
			productReference = 916C74041F33AF6700817F66 /* PlayingwithTestingTests.xctest */;
			productType = "com.apple.product-type.bundle.unit-test";
		};
/* End PBXNativeTarget section */

/* Begin PBXProject section */
		916C73E81F33AF6700817F66 /* Project object */ = {
			isa = PBXProject;
			attributes = {
				LastSwiftUpdateCheck = 0830;
				LastUpgradeCheck = 0830;
				ORGANIZATIONNAME = Braaaaap;
				TargetAttributes = {
					916C73EF1F33AF6700817F66 = {
						CreatedOnToolsVersion = 8.3.2;
						LastSwiftMigration = 0830;
						ProvisioningStyle = Automatic;
					};
					916C74031F33AF6700817F66 = {
						CreatedOnToolsVersion = 8.3.2;
						LastSwiftMigration = 0830;
						ProvisioningStyle = Automatic;
						TestTargetID = 916C73EF1F33AF6700817F66;
					};
				};
			};
			buildConfigurationList = 916C73EB1F33AF6700817F66 /* Build configuration list for PBXProject "PlayingwithTesting" */;
			compatibilityVersion = "Xcode 3.2";
			developmentRegion = English;
			hasScannedForEncodings = 0;
			knownRegions = (
				en,
				Base,
			);
			mainGroup = 916C73E71F33AF6700817F66;
			productRefGroup = 916C73F11F33AF6700817F66 /* Products */;
			projectDirPath = "";
			projectRoot = "";
			targets = (
				916C73EF1F33AF6700817F66 /* PlayingwithTesting */,
				916C74031F33AF6700817F66 /* PlayingwithTestingTests */,
			);
		};
/* End PBXProject section */

/* Begin PBXResourcesBuildPhase section */
		916C73EE1F33AF6700817F66 /* Resources */ = {
			isa = PBXResourcesBuildPhase;
			buildActionMask = 2147483647;
			files = (
				916C73FE1F33AF6700817F66 /* LaunchScreen.storyboard in Resources */,
				916C73FB1F33AF6700817F66 /* Assets.xcassets in Resources */,
				916C73F91F33AF6700817F66 /* Main.storyboard in Resources */,
			);
			runOnlyForDeploymentPostprocessing = 0;
		};
		916C74021F33AF6700817F66 /* Resources */ = {
			isa = PBXResourcesBuildPhase;
			buildActionMask = 2147483647;
			files = (
			);
			runOnlyForDeploymentPostprocessing = 0;
		};
/* End PBXResourcesBuildPhase section */

/* Begin PBXSourcesBuildPhase section */
		916C73EC1F33AF6700817F66 /* Sources */ = {
			isa = PBXSourcesBuildPhase;
			buildActionMask = 2147483647;
			files = (
				916C73F61F33AF6700817F66 /* ViewController.swift in Sources */,
				916C73F41F33AF6700817F66 /* AppDelegate.swift in Sources */,
			);
			runOnlyForDeploymentPostprocessing = 0;
		};
		916C74001F33AF6700817F66 /* Sources */ = {
			isa = PBXSourcesBuildPhase;
			buildActionMask = 2147483647;
			files = (
				916C741A1F33B04900817F66 /* ActionTests.swift in Sources */,
				916C74091F33AF6700817F66 /* PlayingwithTestingTests.swift in Sources */,
				916C74161F33B00E00817F66 /* Action.swift in Sources */,
				916C74141F33AFEE00817F66 /* Math.swift in Sources */,
				916C74181F33B03200817F66 /* MathTests.swift in Sources */,
			);
			runOnlyForDeploymentPostprocessing = 0;
		};
/* End PBXSourcesBuildPhase section */

/* Begin PBXTargetDependency section */
		916C74061F33AF6700817F66 /* PBXTargetDependency */ = {
			isa = PBXTargetDependency;
			target = 916C73EF1F33AF6700817F66 /* PlayingwithTesting */;
			targetProxy = 916C74051F33AF6700817F66 /* PBXContainerItemProxy */;
		};
/* End PBXTargetDependency section */

/* Begin PBXVariantGroup section */
		916C73F71F33AF6700817F66 /* Main.storyboard */ = {
			isa = PBXVariantGroup;
			children = (
				916C73F81F33AF6700817F66 /* Base */,
			);
			name = Main.storyboard;
			sourceTree = "<group>";
		};
		916C73FC1F33AF6700817F66 /* LaunchScreen.storyboard */ = {
			isa = PBXVariantGroup;
			children = (
				916C73FD1F33AF6700817F66 /* Base */,
			);
			name = LaunchScreen.storyboard;
			sourceTree = "<group>";
		};
/* End PBXVariantGroup section */

/* Begin XCBuildConfiguration section */
		916C740B1F33AF6700817F66 /* Debug */ = {
			isa = XCBuildConfiguration;
			buildSettings = {
				ALWAYS_SEARCH_USER_PATHS = NO;
				CLANG_ANALYZER_NONNULL = YES;
				CLANG_ANALYZER_NUMBER_OBJECT_CONVERSION = YES_AGGRESSIVE;
				CLANG_CXX_LANGUAGE_STANDARD = "gnu++0x";
				CLANG_CXX_LIBRARY = "libc++";
				CLANG_ENABLE_MODULES = YES;
				CLANG_ENABLE_OBJC_ARC = YES;
				CLANG_WARN_BOOL_CONVERSION = YES;
				CLANG_WARN_CONSTANT_CONVERSION = YES;
				CLANG_WARN_DIRECT_OBJC_ISA_USAGE = YES_ERROR;
				CLANG_WARN_DOCUMENTATION_COMMENTS = YES;
				CLANG_WARN_EMPTY_BODY = YES;
				CLANG_WARN_ENUM_CONVERSION = YES;
				CLANG_WARN_INFINITE_RECURSION = YES;
				CLANG_WARN_INT_CONVERSION = YES;
				CLANG_WARN_OBJC_ROOT_CLASS = YES_ERROR;
				CLANG_WARN_SUSPICIOUS_MOVE = YES;
				CLANG_WARN_UNREACHABLE_CODE = YES;
				CLANG_WARN__DUPLICATE_METHOD_MATCH = YES;
				"CODE_SIGN_IDENTITY[sdk=iphoneos*]" = "iPhone Developer";
				COPY_PHASE_STRIP = NO;
				DEBUG_INFORMATION_FORMAT = dwarf;
				ENABLE_STRICT_OBJC_MSGSEND = YES;
				ENABLE_TESTABILITY = YES;
				GCC_C_LANGUAGE_STANDARD = gnu99;
				GCC_DYNAMIC_NO_PIC = NO;
				GCC_NO_COMMON_BLOCKS = YES;
				GCC_OPTIMIZATION_LEVEL = 0;
				GCC_PREPROCESSOR_DEFINITIONS = (
					"DEBUG=1",
					"$(inherited)",
				);
				GCC_WARN_64_TO_32_BIT_CONVERSION = YES;
				GCC_WARN_ABOUT_RETURN_TYPE = YES_ERROR;
				GCC_WARN_UNDECLARED_SELECTOR = YES;
				GCC_WARN_UNINITIALIZED_AUTOS = YES_AGGRESSIVE;
				GCC_WARN_UNUSED_FUNCTION = YES;
				GCC_WARN_UNUSED_VARIABLE = YES;
				IPHONEOS_DEPLOYMENT_TARGET = 10.3;
				MTL_ENABLE_DEBUG_INFO = YES;
				ONLY_ACTIVE_ARCH = YES;
				SDKROOT = iphoneos;
				SWIFT_ACTIVE_COMPILATION_CONDITIONS = DEBUG;
				SWIFT_OPTIMIZATION_LEVEL = "-Onone";
			};
			name = Debug;
		};
		916C740C1F33AF6700817F66 /* Release */ = {
			isa = XCBuildConfiguration;
			buildSettings = {
				ALWAYS_SEARCH_USER_PATHS = NO;
				CLANG_ANALYZER_NONNULL = YES;
				CLANG_ANALYZER_NUMBER_OBJECT_CONVERSION = YES_AGGRESSIVE;
				CLANG_CXX_LANGUAGE_STANDARD = "gnu++0x";
				CLANG_CXX_LIBRARY = "libc++";
				CLANG_ENABLE_MODULES = YES;
				CLANG_ENABLE_OBJC_ARC = YES;
				CLANG_WARN_BOOL_CONVERSION = YES;
				CLANG_WARN_CONSTANT_CONVERSION = YES;
				CLANG_WARN_DIRECT_OBJC_ISA_USAGE = YES_ERROR;
				CLANG_WARN_DOCUMENTATION_COMMENTS = YES;
				CLANG_WARN_EMPTY_BODY = YES;
				CLANG_WARN_ENUM_CONVERSION = YES;
				CLANG_WARN_INFINITE_RECURSION = YES;
				CLANG_WARN_INT_CONVERSION = YES;
				CLANG_WARN_OBJC_ROOT_CLASS = YES_ERROR;
				CLANG_WARN_SUSPICIOUS_MOVE = YES;
				CLANG_WARN_UNREACHABLE_CODE = YES;
				CLANG_WARN__DUPLICATE_METHOD_MATCH = YES;
				"CODE_SIGN_IDENTITY[sdk=iphoneos*]" = "iPhone Developer";
				COPY_PHASE_STRIP = NO;
				DEBUG_INFORMATION_FORMAT = "dwarf-with-dsym";
				ENABLE_NS_ASSERTIONS = NO;
				ENABLE_STRICT_OBJC_MSGSEND = YES;
				GCC_C_LANGUAGE_STANDARD = gnu99;
				GCC_NO_COMMON_BLOCKS = YES;
				GCC_WARN_64_TO_32_BIT_CONVERSION = YES;
				GCC_WARN_ABOUT_RETURN_TYPE = YES_ERROR;
				GCC_WARN_UNDECLARED_SELECTOR = YES;
				GCC_WARN_UNINITIALIZED_AUTOS = YES_AGGRESSIVE;
				GCC_WARN_UNUSED_FUNCTION = YES;
				GCC_WARN_UNUSED_VARIABLE = YES;
				IPHONEOS_DEPLOYMENT_TARGET = 10.3;
				MTL_ENABLE_DEBUG_INFO = NO;
				SDKROOT = iphoneos;
				SWIFT_OPTIMIZATION_LEVEL = "-Owholemodule";
				VALIDATE_PRODUCT = YES;
			};
			name = Release;
		};
		916C740E1F33AF6700817F66 /* Debug */ = {
			isa = XCBuildConfiguration;
			buildSettings = {
				ASSETCATALOG_COMPILER_APPICON_NAME = AppIcon;
				INFOPLIST_FILE = PlayingwithTesting/Info.plist;
				LD_RUNPATH_SEARCH_PATHS = "$(inherited) @executable_path/Frameworks";
				PRODUCT_BUNDLE_IDENTIFIER = com.braaaaap.PlayingwithTesting;
				PRODUCT_NAME = "$(TARGET_NAME)";
				SWIFT_VERSION = 3.0;
			};
			name = Debug;
		};
		916C740F1F33AF6700817F66 /* Release */ = {
			isa = XCBuildConfiguration;
			buildSettings = {
				ASSETCATALOG_COMPILER_APPICON_NAME = AppIcon;
				INFOPLIST_FILE = PlayingwithTesting/Info.plist;
				LD_RUNPATH_SEARCH_PATHS = "$(inherited) @executable_path/Frameworks";
				PRODUCT_BUNDLE_IDENTIFIER = com.braaaaap.PlayingwithTesting;
				PRODUCT_NAME = "$(TARGET_NAME)";
				SWIFT_VERSION = 3.0;
			};
			name = Release;
		};
		916C74111F33AF6700817F66 /* Debug */ = {
			isa = XCBuildConfiguration;
			buildSettings = {
				ALWAYS_EMBED_SWIFT_STANDARD_LIBRARIES = YES;
				BUNDLE_LOADER = "$(TEST_HOST)";
				INFOPLIST_FILE = PlayingwithTestingTests/Info.plist;
				LD_RUNPATH_SEARCH_PATHS = "$(inherited) @executable_path/Frameworks @loader_path/Frameworks";
				PRODUCT_BUNDLE_IDENTIFIER = com.braaaaap.PlayingwithTestingTests;
				PRODUCT_NAME = "$(TARGET_NAME)";
				SWIFT_VERSION = 3.0;
				TEST_HOST = "$(BUILT_PRODUCTS_DIR)/PlayingwithTesting.app/PlayingwithTesting";
			};
			name = Debug;
		};
		916C74121F33AF6700817F66 /* Release */ = {
			isa = XCBuildConfiguration;
			buildSettings = {
				ALWAYS_EMBED_SWIFT_STANDARD_LIBRARIES = YES;
				BUNDLE_LOADER = "$(TEST_HOST)";
				INFOPLIST_FILE = PlayingwithTestingTests/Info.plist;
				LD_RUNPATH_SEARCH_PATHS = "$(inherited) @executable_path/Frameworks @loader_path/Frameworks";
				PRODUCT_BUNDLE_IDENTIFIER = com.braaaaap.PlayingwithTestingTests;
				PRODUCT_NAME = "$(TARGET_NAME)";
				SWIFT_VERSION = 3.0;
				TEST_HOST = "$(BUILT_PRODUCTS_DIR)/PlayingwithTesting.app/PlayingwithTesting";
			};
			name = Release;
		};
/* End XCBuildConfiguration section */

/* Begin XCConfigurationList section */
		916C73EB1F33AF6700817F66 /* Build configuration list for PBXProject "PlayingwithTesting" */ = {
			isa = XCConfigurationList;
			buildConfigurations = (
				916C740B1F33AF6700817F66 /* Debug */,
				916C740C1F33AF6700817F66 /* Release */,
			);
			defaultConfigurationIsVisible = 0;
			defaultConfigurationName = Release;
		};
		916C740D1F33AF6700817F66 /* Build configuration list for PBXNativeTarget "PlayingwithTesting" */ = {
			isa = XCConfigurationList;
			buildConfigurations = (
				916C740E1F33AF6700817F66 /* Debug */,
				916C740F1F33AF6700817F66 /* Release */,
			);
			defaultConfigurationIsVisible = 0;
		};
		916C74101F33AF6700817F66 /* Build configuration list for PBXNativeTarget "PlayingwithTestingTests" */ = {
			isa = XCConfigurationList;
			buildConfigurations = (
				916C74111F33AF6700817F66 /* Debug */,
				916C74121F33AF6700817F66 /* Release */,
			);
			defaultConfigurationIsVisible = 0;
		};
/* End XCConfigurationList section */
	};
	rootObject = 916C73E81F33AF6700817F66 /* Project object */;
}
